
Microsoft Visual Studio Solution File, Format Version 12.00
# Visual Studio Version 17
VisualStudioVersion = 17.11.35222.181
MinimumVisualStudioVersion = 10.0.40219.1
Project("{FAE04EC0-301F-11D3-BF4B-00C04F79EFBC}") = "TaskManagementSystem", "TaskManagementSystem\TaskManagementSystem.csproj", "{148871A2-73BE-42B4-BCF8-D6524DC12EAE}"
EndProject
Global
	GlobalSection(SolutionConfigurationPlatforms) = preSolution
		Debug|Any CPU = Debug|Any CPU
		Release|Any CPU = Release|Any CPU
	EndGlobalSection
	GlobalSection(ProjectConfigurationPlatforms) = postSolution
		{148871A2-73BE-42B4-BCF8-D6524DC12EAE}.Debug|Any CPU.ActiveCfg = Debug|Any CPU
		{148871A2-73BE-42B4-BCF8-D6524DC12EAE}.Debug|Any CPU.Build.0 = Debug|Any CPU
		{148871A2-73BE-42B4-BCF8-D6524DC12EAE}.Release|Any CPU.ActiveCfg = Release|Any CPU
		{148871A2-73BE-42B4-BCF8-D6524DC12EAE}.Release|Any CPU.Build.0 = Release|Any CPU
	EndGlobalSection
	GlobalSection(SolutionProperties) = preSolution
		HideSolutionNode = FALSE
	EndGlobalSection
	GlobalSection(ExtensibilityGlobals) = postSolution
		SolutionGuid = {F1A3E49A-15A3-4AAE-A9E1-A98D3F94F5D6}
	EndGlobalSection
EndGlobal
